
Microsoft Visual Studio Solution File, Format Version 12.00
# Visual Studio Version 17
VisualStudioVersion = 17.4.33205.214
MinimumVisualStudioVersion = 10.0.40219.1
Project("{9A19103F-16F7-4668-BE54-9A1E7A4F7556}") = "SDPBlazor", "SDPBlazor\SDPBlazor.csproj", "{E1BFFC7B-9D78-48EC-99E1-ECEC50BC9C57}"
EndProject
Global
	GlobalSection(SolutionConfigurationPlatforms) = preSolution
		Debug|Any CPU = Debug|Any CPU
		Release|Any CPU = Release|Any CPU
	EndGlobalSection
	GlobalSection(ProjectConfigurationPlatforms) = postSolution
		{E1BFFC7B-9D78-48EC-99E1-ECEC50BC9C57}.Debug|Any CPU.ActiveCfg = Debug|Any CPU
		{E1BFFC7B-9D78-48EC-99E1-ECEC50BC9C57}.Debug|Any CPU.Build.0 = Debug|Any CPU
		{E1BFFC7B-9D78-48EC-99E1-ECEC50BC9C57}.Release|Any CPU.ActiveCfg = Release|Any CPU
		{E1BFFC7B-9D78-48EC-99E1-ECEC50BC9C57}.Release|Any CPU.Build.0 = Release|Any CPU
	EndGlobalSection
	GlobalSection(SolutionProperties) = preSolution
		HideSolutionNode = FALSE
	EndGlobalSection
	GlobalSection(ExtensibilityGlobals) = postSolution
		SolutionGuid = {A31259C4-1EAC-46A7-A2F1-A7D78849BE75}
	EndGlobalSection
EndGlobal
